<?xml version="1.0" encoding="utf-8"?>
<Project ToolsVersion="4.0" xmlns="http://schemas.microsoft.com/developer/msbuild/2003">
  <ItemGroup>
    <Filter Include="IniRead">
      <UniqueIdentifier>{71f7ee3a-9563-4030-9a55-3814bb480a71}</UniqueIdentifier>
    </Filter>
  </ItemGroup>
  <ItemGroup>
    <ClCompile Include="LsPlugIn\IniRead\dictionary.c">
      <Filter>IniRead</Filter>
    </ClCompile>
    <ClCompile Include="LsPlugIn\IniRead\iniparser.c">
      <Filter>IniRead</Filter>
    </ClCompile>
    <ClCompile Include="LsPlugIn\BaseCommand.cpp" />
    <ClCompile Include="LsPlugIn\ListManager.cpp" />
    <ClCompile Include="LsPlugIn\LSLogic.cpp" />
    <ClCompile Include="LsPlugIn\MD5.cpp" />
  </ItemGroup>
  <ItemGroup>
    <ClInclude Include="LsPlugIn\IniRead\dictionary.h">
      <Filter>IniRead</Filter>
    </ClInclude>
    <ClInclude Include="LsPlugIn\IniRead\iniparser.h">
      <Filter>IniRead</Filter>
    </ClInclude>
    <ClInclude Include="LsPlugIn\BaseCommand.h" />
    <ClInclude Include="LsPlugIn\ListManager.h" />
    <ClInclude Include="LsPlugIn\MD5.h" />
  </ItemGroup>
</Project>