<?xml version="1.0" encoding="UTF-8" standalone="yes" ?>
<CodeBlocks_project_file>
	<FileVersion major="1" minor="6" />
	<Project>
		<Option title="UDPTest" />
		<Option pch_mode="2" />
		<Option compiler="gcc" />
		<Build>
			<Target title="Release x64">
				<Option output="../../../Build/Prj_CodeBlocks/Linux_Bin/Module/UDPTest" imp_lib="./UDPTest.lib" def_file="$(TARGET_OUTPUT_DIR)$(TARGET_OUTPUT_BASENAME)" prefix_auto="1" extension_auto="1" />
				<Option object_output="../../../Build/Prj_CodeBlocks/Temp/" />
				<Option deps_output="../../../Build/Prj_CodeBlocks/Linux_Bin/Module/" />
				<Option type="3" />
				<Option compiler="gcc" />
				<Option createDefFile="1" />
				<Option createStaticLib="1" />
				<Compiler>
					<Add option="-O1" />
					<Add option="-Wall" />
					<Add option="-fPIC" />
					<Add directory="../../Common/" />
				</Compiler>
				<ResourceCompiler>
					<Add directory="$(ACE_ROOT)/" />
					<Add directory="./" />
					<Add directory="../Include/" />
				</ResourceCompiler>
				<Linker>
					<Add option="-s" />
					<Add directory="./" />
					<Add directory="$(ACE_ROOT)/lib/" />
				</Linker>
			</Target>
		</Build>
		<Unit filename="UDPTest/BaseCommand.cpp" />
		<Unit filename="UDPTest/BaseCommand.h" />
		<Unit filename="UDPTest/UDPTest.cpp" />
		<Extensions>
			<envvars />
			<code_completion />
			<debugger />
		</Extensions>
	</Project>
</CodeBlocks_project_file>
