
Microsoft Visual Studio Solution File, Format Version 10.00
# Visual Studio 2008
Project("{8BC9CEB8-8B4A-11D0-8D11-00A0C91BC942}") = "PassTCP", "PassTCP\PassTCP.vcproj", "{69A6A6A8-3F7A-4C17-8F12-E4EC564A4200}"
	ProjectSection(ProjectDependencies) = postProject
		{BBD79F3F-3CE1-4899-BC01-39CB630A39D5} = {BBD79F3F-3CE1-4899-BC01-39CB630A39D5}
	EndProjectSection
EndProject
Project("{8BC9CEB8-8B4A-11D0-8D11-00A0C91BC942}") = "LuaLib", "LuaLib\Lua.vcproj", "{BBD79F3F-3CE1-4899-BC01-39CB630A39D5}"
EndProject
Global
	GlobalSection(SolutionConfigurationPlatforms) = preSolution
		Debug|Win32 = Debug|Win32
		Release|Win32 = Release|Win32
	EndGlobalSection
	GlobalSection(ProjectConfigurationPlatforms) = postSolution
		{69A6A6A8-3F7A-4C17-8F12-E4EC564A4200}.Debug|Win32.ActiveCfg = Debug|Win32
		{69A6A6A8-3F7A-4C17-8F12-E4EC564A4200}.Debug|Win32.Build.0 = Debug|Win32
		{69A6A6A8-3F7A-4C17-8F12-E4EC564A4200}.Release|Win32.ActiveCfg = Release|Win32
		{69A6A6A8-3F7A-4C17-8F12-E4EC564A4200}.Release|Win32.Build.0 = Release|Win32
		{BBD79F3F-3CE1-4899-BC01-39CB630A39D5}.Debug|Win32.ActiveCfg = Debug|Win32
		{BBD79F3F-3CE1-4899-BC01-39CB630A39D5}.Debug|Win32.Build.0 = Debug|Win32
		{BBD79F3F-3CE1-4899-BC01-39CB630A39D5}.Release|Win32.ActiveCfg = Release|Win32
		{BBD79F3F-3CE1-4899-BC01-39CB630A39D5}.Release|Win32.Build.0 = Release|Win32
	EndGlobalSection
	GlobalSection(SolutionProperties) = preSolution
		HideSolutionNode = FALSE
	EndGlobalSection
EndGlobal
