<?xml version="1.0" encoding="utf-8"?>
<Project ToolsVersion="4.0" xmlns="http://schemas.microsoft.com/developer/msbuild/2003">
  <ItemGroup>
    <Filter Include="TinyXML">
      <UniqueIdentifier>{11e3eb0f-c5f8-4382-a7fc-95d5970a5fb3}</UniqueIdentifier>
    </Filter>
    <Filter Include="EncodeConvert">
      <UniqueIdentifier>{58ba57ac-ad58-4965-a6f8-f6eb60d5cdf8}</UniqueIdentifier>
    </Filter>
  </ItemGroup>
  <ItemGroup>
    <ClCompile Include="..\..\..\ThirdLib\include\EncodeConvert\GBKtoUTF8.cpp">
      <Filter>EncodeConvert</Filter>
    </ClCompile>
    <ClCompile Include="..\..\..\ThirdLib\include\TinyXML\tinystr.cpp">
      <Filter>TinyXML</Filter>
    </ClCompile>
    <ClCompile Include="..\..\..\ThirdLib\include\TinyXML\tinyxml.cpp">
      <Filter>TinyXML</Filter>
    </ClCompile>
    <ClCompile Include="..\..\..\ThirdLib\include\TinyXML\tinyxmlerror.cpp">
      <Filter>TinyXML</Filter>
    </ClCompile>
    <ClCompile Include="..\..\..\ThirdLib\include\TinyXML\tinyxmlparser.cpp">
      <Filter>TinyXML</Filter>
    </ClCompile>
    <ClCompile Include="MonitorServer\DataManager.cpp" />
    <ClCompile Include="MonitorServer\MonitorCommand.cpp" />
    <ClCompile Include="MonitorServer\MonitorServer.cpp" />
    <ClCompile Include="MonitorServer\TimeEvent.cpp" />
  </ItemGroup>
  <ItemGroup>
    <ClInclude Include="..\..\..\ThirdLib\include\EncodeConvert\GBKtoUTF8.h">
      <Filter>EncodeConvert</Filter>
    </ClInclude>
    <ClInclude Include="..\..\..\ThirdLib\include\TinyXML\tinystr.h">
      <Filter>TinyXML</Filter>
    </ClInclude>
    <ClInclude Include="..\..\..\ThirdLib\include\TinyXML\tinyxml.h">
      <Filter>TinyXML</Filter>
    </ClInclude>
    <ClInclude Include="MonitorServer\DataManager.h" />
    <ClInclude Include="MonitorServer\MonitorCommand.h" />
    <ClInclude Include="MonitorServer\TimeEvent.h" />
  </ItemGroup>
  <ItemGroup>
    <None Include="..\..\..\ThirdLib\include\EncodeConvert\GBKtoUTF8.inl">
      <Filter>EncodeConvert</Filter>
    </None>
  </ItemGroup>
</Project>