
Microsoft Visual Studio Solution File, Format Version 12.00
# Visual Studio 2012
Project("{8BC9CEB8-8B4A-11D0-8D11-00A0C91BC942}") = "PssFtpClient", "PssFtpClient\PssFtpClient.vcxproj", "{E16D3A07-B791-4243-BFAA-415DA02656C4}"
EndProject
Global
	GlobalSection(SolutionConfigurationPlatforms) = preSolution
		Debug|Win32 = Debug|Win32
		Release|Win32 = Release|Win32
	EndGlobalSection
	GlobalSection(ProjectConfigurationPlatforms) = postSolution
		{E16D3A07-B791-4243-BFAA-415DA02656C4}.Debug|Win32.ActiveCfg = Debug|Win32
		{E16D3A07-B791-4243-BFAA-415DA02656C4}.Debug|Win32.Build.0 = Debug|Win32
		{E16D3A07-B791-4243-BFAA-415DA02656C4}.Release|Win32.ActiveCfg = Release|Win32
		{E16D3A07-B791-4243-BFAA-415DA02656C4}.Release|Win32.Build.0 = Release|Win32
	EndGlobalSection
	GlobalSection(SolutionProperties) = preSolution
		HideSolutionNode = FALSE
	EndGlobalSection
EndGlobal
