
Microsoft Visual Studio Solution File, Format Version 12.00
# Visual Studio 2012
# $Id: VC12WorkspaceCreator.pm 2211 2014-06-26 18:11:09Z elliott_c $
#
# This file was generated by MPC.  Any changes made directly to
# this file will be lost the next time it is generated.
#
# MPC Command:
# C:\Tools\ACE-6.3.0\ACE_wrappers\bin\mwc.pl -type vc12
Project("{8BC9CEB8-8B4A-11D0-8D11-00A0C91BC942}") = "Monitor", "Monitor.vcxproj", "{5B2CB44B-FECA-1BAD-E280-C1FB0000002E}"
EndProject
Global
	GlobalSection(SolutionConfigurationPlatforms) = preSolution
		Debug|Win32 = Debug|Win32
		Debug|x64 = Debug|x64
		Release|Win32 = Release|Win32
		Release|x64 = Release|x64
	EndGlobalSection
	GlobalSection(ProjectConfigurationPlatforms) = postSolution
		{5B2CB44B-FECA-1BAD-E280-C1FB0000002E}.Debug|Win32.ActiveCfg = Debug|Win32
		{5B2CB44B-FECA-1BAD-E280-C1FB0000002E}.Debug|Win32.Build.0 = Debug|Win32
		{5B2CB44B-FECA-1BAD-E280-C1FB0000002E}.Debug|x64.ActiveCfg = Debug|x64
		{5B2CB44B-FECA-1BAD-E280-C1FB0000002E}.Debug|x64.Build.0 = Debug|x64
		{5B2CB44B-FECA-1BAD-E280-C1FB0000002E}.Release|Win32.ActiveCfg = Release|Win32
		{5B2CB44B-FECA-1BAD-E280-C1FB0000002E}.Release|Win32.Build.0 = Release|Win32
		{5B2CB44B-FECA-1BAD-E280-C1FB0000002E}.Release|x64.ActiveCfg = Release|x64
		{5B2CB44B-FECA-1BAD-E280-C1FB0000002E}.Release|x64.Build.0 = Release|x64
	EndGlobalSection
	GlobalSection(SolutionProperties) = preSolution
		HideSolutionNode = FALSE
	EndGlobalSection
EndGlobal
