Microsoft Visual Studio Solution File, Format Version 12.00
# Visual Studio Version 16
VisualStudioVersion = 16.0.29025.244
MinimumVisualStudioVersion = 10.0.40219.1
Project("{8BC9CEB8-8B4A-11D0-8D11-00A0C91BC942}") = "PSS_vc2017", "FrameCore\PSS_vc2017.vcxproj", "{8C99CA60-B114-4866-8D87-9DC0C17831F3}"
EndProject
Project("{8BC9CEB8-8B4A-11D0-8D11-00A0C91BC942}") = "DaMenPai", "..\..\DaMenPai\DaMenPai.vcxproj", "{375EB595-0D69-4A1F-AFD7-0D80A7C8AEDB}"
EndProject
Project("{8BC9CEB8-8B4A-11D0-8D11-00A0C91BC942}") = "PacketParse_VS2017", "PacketParse_Interface\PacketParse_VS2017.vcxproj", "{511391FD-8BFC-458F-86AD-2E08525F84A2}"
EndProject
Global
	GlobalSection(SolutionConfigurationPlatforms) = preSolution
		Debug|x64 = Debug|x64
		Debug|x86 = Debug|x86
		Release|x64 = Release|x64
		Release|x86 = Release|x86
	EndGlobalSection
	GlobalSection(ProjectConfigurationPlatforms) = postSolution
		{8C99CA60-B114-4866-8D87-9DC0C17831F3}.Debug|x64.ActiveCfg = Debug|x64
		{8C99CA60-B114-4866-8D87-9DC0C17831F3}.Debug|x64.Build.0 = Debug|x64
		{8C99CA60-B114-4866-8D87-9DC0C17831F3}.Debug|x86.ActiveCfg = Debug|Win32
		{8C99CA60-B114-4866-8D87-9DC0C17831F3}.Debug|x86.Build.0 = Debug|Win32
		{8C99CA60-B114-4866-8D87-9DC0C17831F3}.Release|x64.ActiveCfg = Release|x64
		{8C99CA60-B114-4866-8D87-9DC0C17831F3}.Release|x64.Build.0 = Release|x64
		{8C99CA60-B114-4866-8D87-9DC0C17831F3}.Release|x86.ActiveCfg = Release|Win32
		{8C99CA60-B114-4866-8D87-9DC0C17831F3}.Release|x86.Build.0 = Release|Win32
		{375EB595-0D69-4A1F-AFD7-0D80A7C8AEDB}.Debug|x64.ActiveCfg = Debug|x64
		{375EB595-0D69-4A1F-AFD7-0D80A7C8AEDB}.Debug|x64.Build.0 = Debug|x64
		{375EB595-0D69-4A1F-AFD7-0D80A7C8AEDB}.Debug|x86.ActiveCfg = Debug|Win32
		{375EB595-0D69-4A1F-AFD7-0D80A7C8AEDB}.Debug|x86.Build.0 = Debug|Win32
		{375EB595-0D69-4A1F-AFD7-0D80A7C8AEDB}.Release|x64.ActiveCfg = Release|x64
		{375EB595-0D69-4A1F-AFD7-0D80A7C8AEDB}.Release|x64.Build.0 = Release|x64
		{375EB595-0D69-4A1F-AFD7-0D80A7C8AEDB}.Release|x86.ActiveCfg = Release|Win32
		{375EB595-0D69-4A1F-AFD7-0D80A7C8AEDB}.Release|x86.Build.0 = Release|Win32
		{511391FD-8BFC-458F-86AD-2E08525F84A2}.Debug|x64.ActiveCfg = Debug|x64
		{511391FD-8BFC-458F-86AD-2E08525F84A2}.Debug|x64.Build.0 = Debug|x64
		{511391FD-8BFC-458F-86AD-2E08525F84A2}.Debug|x86.ActiveCfg = Debug|Win32
		{511391FD-8BFC-458F-86AD-2E08525F84A2}.Debug|x86.Build.0 = Debug|Win32
		{511391FD-8BFC-458F-86AD-2E08525F84A2}.Release|x64.ActiveCfg = Release|x64
		{511391FD-8BFC-458F-86AD-2E08525F84A2}.Release|x64.Build.0 = Release|x64
		{511391FD-8BFC-458F-86AD-2E08525F84A2}.Release|x86.ActiveCfg = Release|Win32
		{511391FD-8BFC-458F-86AD-2E08525F84A2}.Release|x86.Build.0 = Release|Win32
	EndGlobalSection
	GlobalSection(SolutionProperties) = preSolution
		HideSolutionNode = FALSE
	EndGlobalSection
	GlobalSection(ExtensibilityGlobals) = postSolution
		SolutionGuid = {918A94DC-FDF4-456D-ABE3-FCC4705CC6EE}
	EndGlobalSection
EndGlobal
