<?xml version="1.0" encoding="utf-8"?>
<Project ToolsVersion="4.0" xmlns="http://schemas.microsoft.com/developer/msbuild/2003">
  <ItemGroup>
    <ClCompile Include="Common\AppConfig.cpp">
      <Filter>Common\cppfile</Filter>
    </ClCompile>
    <ClCompile Include="Proactor\AceProactorManager.cpp">
      <Filter>Proactor\cppfile</Filter>
    </ClCompile>
    <ClCompile Include="Common\BuffPacket.cpp">
      <Filter>Common\cppfile</Filter>
    </ClCompile>
    <ClCompile Include="Common\BuffPacketManager.cpp">
      <Filter>Common\cppfile</Filter>
    </ClCompile>
    <ClCompile Include="Proactor\ClientProConnectManager.cpp">
      <Filter>Proactor\cppfile</Filter>
    </ClCompile>
    <ClCompile Include="Common\CommandAccount.cpp">
      <Filter>Common\cppfile</Filter>
    </ClCompile>
    <ClCompile Include="LogSystem\FileLogger.cpp">
      <Filter>Log\cppfile</Filter>
    </ClCompile>
    <ClCompile Include="FileTest\FileTestManager.cpp">
      <Filter>FileTest\cppfile</Filter>
    </ClCompile>
    <ClCompile Include="Common\ForbiddenIP.cpp">
      <Filter>Common\cppfile</Filter>
    </ClCompile>
    <ClCompile Include="Common\LinuxCPU.cpp">
      <Filter>Common\cppfile</Filter>
    </ClCompile>
    <ClCompile Include="Message\LoadModule.cpp">
      <Filter>Message\cppfile</Filter>
    </ClCompile>
    <ClCompile Include="Message\LoadPacketParse.cpp">
      <Filter>Message\cppfile</Filter>
    </ClCompile>
    <ClCompile Include="LogSystem\LogManager.cpp">
      <Filter>Log\cppfile</Filter>
    </ClCompile>
    <ClCompile Include="Common\MakePacket.cpp">
      <Filter>Common\cppfile</Filter>
    </ClCompile>
    <ClCompile Include="Message\MessageManager.cpp">
      <Filter>Message\cppfile</Filter>
    </ClCompile>
    <ClCompile Include="Message\Message.cpp">
      <Filter>Message\cppfile</Filter>
    </ClCompile>
    <ClCompile Include="Message\MessageService.cpp">
      <Filter>Message\cppfile</Filter>
    </ClCompile>
    <ClCompile Include="Message\ModuleMessageManager.cpp">
      <Filter>Message\cppfile</Filter>
    </ClCompile>
    <ClCompile Include="Common\MyACELoggingStrategy.cpp">
      <Filter>Common\cppfile</Filter>
    </ClCompile>
    <ClCompile Include="PacketParse\PacketConsoleParse.cpp">
      <Filter>PacketParse\cppfile</Filter>
    </ClCompile>
    <ClCompile Include="PacketParse\PacketParse.cpp">
      <Filter>PacketParse\cppfile</Filter>
    </ClCompile>
    <ClCompile Include="PacketParse\PacketParseBase.cpp">
      <Filter>PacketParse\cppfile</Filter>
    </ClCompile>
    <ClCompile Include="PacketParse\PacketParsePool.cpp">
      <Filter>PacketParse\cppfile</Filter>
    </ClCompile>
    <ClCompile Include="UDP\ProactorUDPHandler.cpp">
      <Filter>Proactor\cppfile</Filter>
    </ClCompile>
    <ClCompile Include="UDP\ProactorUDPClient.cpp">
      <Filter>Proactor\cppfile</Filter>
    </ClCompile>
    <ClCompile Include="Proactor\ProAsynchConnect.cpp">
      <Filter>Proactor\cppfile</Filter>
    </ClCompile>
    <ClCompile Include="Proactor\ProConnectAccept.cpp">
      <Filter>Proactor\cppfile</Filter>
    </ClCompile>
    <ClCompile Include="Proactor\ProConnectClient.cpp">
      <Filter>Proactor\cppfile</Filter>
    </ClCompile>
    <ClCompile Include="Proactor\ProConsoleAccept.cpp">
      <Filter>Proactor\cppfile</Filter>
    </ClCompile>
    <ClCompile Include="Proactor\ProConsoleHandle.cpp">
      <Filter>Proactor\cppfile</Filter>
    </ClCompile>
    <ClCompile Include="Proactor\ProControlListen.cpp">
      <Filter>Proactor\cppfile</Filter>
    </ClCompile>
    <ClCompile Include="Common\ProfileTime.cpp">
      <Filter>Common\cppfile</Filter>
    </ClCompile>
    <ClCompile Include="Common\ProgramService.cpp">
      <Filter>Common\cppfile</Filter>
    </ClCompile>
    <ClCompile Include="Proactor\ProServerManager.cpp">
      <Filter>Proactor\cppfile</Filter>
    </ClCompile>
    <ClCompile Include="Proactor\ProSigHandle.cpp">
      <Filter>Proactor\cppfile</Filter>
    </ClCompile>
    <ClCompile Include="PurenessScopeServer.cpp">
      <Filter>Main</Filter>
    </ClCompile>
    <ClCompile Include="Common\SendCacheManager.cpp">
      <Filter>Common\cppfile</Filter>
    </ClCompile>
    <ClCompile Include="Common\SendMessage.cpp">
      <Filter>Common\cppfile</Filter>
    </ClCompile>
    <ClCompile Include="Common\ServerMessageTask.cpp">
      <Filter>Common\cppfile</Filter>
    </ClCompile>
    <ClCompile Include="Mail\smtp.cpp">
      <Filter>Mail\cppfile</Filter>
    </ClCompile>
    <ClCompile Include="Common\ThreadInfo.cpp">
      <Filter>Common\cppfile</Filter>
    </ClCompile>
    <ClCompile Include="Common\TimerManager.cpp">
      <Filter>Common\cppfile</Filter>
    </ClCompile>
    <ClCompile Include="TinyXML\tinystr.cpp">
      <Filter>tinyXML\cppfile</Filter>
    </ClCompile>
    <ClCompile Include="TinyXML\tinyxml.cpp">
      <Filter>tinyXML\cppfile</Filter>
    </ClCompile>
    <ClCompile Include="TinyXML\tinyxmlerror.cpp">
      <Filter>tinyXML\cppfile</Filter>
    </ClCompile>
    <ClCompile Include="TinyXML\tinyxmlparser.cpp">
      <Filter>tinyXML\cppfile</Filter>
    </ClCompile>
    <ClCompile Include="Common\WindowsCPU.cpp">
      <Filter>Common\cppfile</Filter>
    </ClCompile>
    <ClCompile Include="Common\WindowsProcess.cpp">
      <Filter>Common\cppfile</Filter>
    </ClCompile>
    <ClCompile Include="Message\WorkThreadAI.cpp">
      <Filter>Message\cppfile</Filter>
    </ClCompile>
    <ClCompile Include="Common\XmlOpeation.cpp">
      <Filter>Common\cppfile</Filter>
    </ClCompile>
    <ClCompile Include="Encrypt\Aes.cpp">
      <Filter>Encrypt\cppfile</Filter>
    </ClCompile>
    <ClCompile Include="Mail\base64.cpp">
      <Filter>Encrypt\cppfile</Filter>
    </ClCompile>
    <ClCompile Include="Common\MessageBlockManager.cpp">
      <Filter>Common\cppfile</Filter>
    </ClCompile>
    <ClCompile Include="Console\ConsolePromiss.cpp">
      <Filter>Console\cppfile</Filter>
    </ClCompile>
    <ClCompile Include="Message\MessageDyeingManager.cpp">
      <Filter>Message\cppfile</Filter>
    </ClCompile>
    <ClCompile Include="Console\FrameCommand.cpp">
      <Filter>Console\cppfile</Filter>
    </ClCompile>
    <ClCompile Include="Console\MessageDefine.cpp">
      <Filter>Console\cppfile</Filter>
    </ClCompile>
    <ClCompile Include="Console\MessageDispose.cpp">
      <Filter>Console\cppfile</Filter>
    </ClCompile>
    <ClCompile Include="Common\BaseClientConnectManager.cpp">
      <Filter>Common\cppfile</Filter>
    </ClCompile>
    <ClCompile Include="Common\BaseConsoleHandle.cpp">
      <Filter>Common\cppfile</Filter>
    </ClCompile>
    <ClCompile Include="Common\BaseConnectClient.cpp">
      <Filter>Common\cppfile</Filter>
    </ClCompile>
    <ClCompile Include="Common\BaseTask.cpp">
      <Filter>Common\cppfile</Filter>
    </ClCompile>
    <ClCompile Include="Common\BaseHander.cpp">
      <Filter>Common\cppfile</Filter>
    </ClCompile>
    <ClCompile Include="Common\BaseServerManager.cpp">
      <Filter>Common\cppfile</Filter>
    </ClCompile>
    <ClCompile Include="Common\XmlConfig.cpp">
      <Filter>Common\cppfile</Filter>
    </ClCompile>
    <ClCompile Include="CppUnit\Unit_FileTestManager.cpp">
      <Filter>CppUnit\cppfile</Filter>
    </ClCompile>
    <ClCompile Include="CppUnit\CppUnitMain.cpp">
      <Filter>CppUnit\cppfile</Filter>
    </ClCompile>
    <ClCompile Include="CppUnit\Unit_BuffPacket.cpp">
      <Filter>CppUnit\cppfile</Filter>
    </ClCompile>
    <ClCompile Include="CppUnit\Unit_CommandAccount.cpp">
      <Filter>CppUnit\cppfile</Filter>
    </ClCompile>
    <ClCompile Include="CppUnit\Unit_AppConfig.cpp">
      <Filter>CppUnit\cppfile</Filter>
    </ClCompile>
    <ClCompile Include="CppUnit\Uint_ConsolePromissions.cpp">
      <Filter>CppUnit\cppfile</Filter>
    </ClCompile>
    <ClCompile Include="CppUnit\Uint_ConsoleMessage.cpp">
      <Filter>CppUnit\cppfile</Filter>
    </ClCompile>
    <ClCompile Include="CppUnit\Unit_Aes.cpp">
      <Filter>CppUnit\cppfile</Filter>
    </ClCompile>
    <ClCompile Include="CppUnit\Unit_ConnectTcp.cpp">
      <Filter>CppUnit\cppfile</Filter>
    </ClCompile>
    <ClCompile Include="CppUnit\Unit_BaseHandler.cpp">
      <Filter>CppUnit\cppfile</Filter>
    </ClCompile>
    <ClCompile Include="CppUnit\Unit_MessageDefine.cpp">
      <Filter>CppUnit\cppfile</Filter>
    </ClCompile>
    <ClCompile Include="CppUnit\Unit_IPAccount.cpp">
      <Filter>CppUnit\cppfile</Filter>
    </ClCompile>
    <ClCompile Include="CppUnit\Unit_FrameCommand.cpp">
      <Filter>CppUnit\cppfile</Filter>
    </ClCompile>
    <ClCompile Include="CppUnit\Unit_ConnectUdp.cpp">
      <Filter>CppUnit\cppfile</Filter>
    </ClCompile>
    <ClCompile Include="CppUnit\Unit_TimeQueue.cpp">
      <Filter>CppUnit\cppfile</Filter>
    </ClCompile>
    <ClCompile Include="CppUnit\Unit_ModuleMessageManager.cpp">
      <Filter>CppUnit\cppfile</Filter>
    </ClCompile>
    <ClCompile Include="CppUnit\Unit_FileLog.cpp">
      <Filter>CppUnit\cppfile</Filter>
    </ClCompile>
    <ClCompile Include="CppUnit\Unit_BaseConnectClient.cpp">
      <Filter>CppUnit\cppfile</Filter>
    </ClCompile>
    <ClCompile Include="CppUnit\Uint_ServerMessageInfoPool.cpp">
      <Filter>CppUnit\cppfile</Filter>
    </ClCompile>
    <ClCompile Include="CppUnit\Unit_MessageDyeingManager.cpp">
      <Filter>CppUnit\cppfile</Filter>
    </ClCompile>
    <ClCompile Include="CppUnit\Unit_ProfileTime.cpp">
      <Filter>CppUnit\cppfile</Filter>
    </ClCompile>
    <ClCompile Include="CppUnit\Unit_WorkThreadAI.cpp">
      <Filter>CppUnit\cppfile</Filter>
    </ClCompile>
    <ClCompile Include="Common\IPAccount.cpp">
      <Filter>Common\cppfile</Filter>
    </ClCompile>
    <ClCompile Include="CppUnit\Unit_ControlListen.cpp">
      <Filter>CppUnit\cppfile</Filter>
    </ClCompile>
    <ClCompile Include="CppUnit\Unit_MakePacket.cpp">
      <Filter>CppUnit\cppfile</Filter>
    </ClCompile>
    <ClCompile Include="CppUnit\Unit_ForbiddenIP.cpp">
      <Filter>CppUnit\cppfile</Filter>
    </ClCompile>
    <ClCompile Include="CppUnit\Uint_AceReactorManager.cpp">
      <Filter>CppUnit\cppfile</Filter>
    </ClCompile>
    <ClCompile Include="CppUnit\Uint_ThreadInfo.cpp">
      <Filter>CppUnit\cppfile</Filter>
    </ClCompile>
    <ClCompile Include="CppUnit\Uint_ConnectHandler.cpp">
      <Filter>CppUnit\cppfile</Filter>
    </ClCompile>
    <ClCompile Include="CppUnit\Uint_PacketParse.cpp">
      <Filter>CppUnit\cppfile</Filter>
    </ClCompile>
    <ClCompile Include="CppUnit\Uint_ServerMessageManager.cpp">
      <Filter>CppUnit\cppfile</Filter>
    </ClCompile>
    <ClCompile Include="CppUnit\Uint_MessageService.cpp">
      <Filter>CppUnit\cppfile</Filter>
    </ClCompile>
    <ClCompile Include="CppUnit\Uint_ConnectClient.cpp">
      <Filter>CppUnit\cppfile</Filter>
    </ClCompile>
    <ClCompile Include="CppUnit\Uint_LogManager.cpp">
      <Filter>CppUnit\cppfile</Filter>
    </ClCompile>
    <ClCompile Include="CppUnit\Unit_LoadModule.cpp">
      <Filter>CppUnit\cppfile</Filter>
    </ClCompile>
    <ClCompile Include="Mail\smtps.cpp">
      <Filter>Mail\cppfile</Filter>
    </ClCompile>
    <ClCompile Include="Common\TcpRedirection.cpp">
      <Filter>Common\cppfile</Filter>
    </ClCompile>
    <ClCompile Include="CppUnit\Uint_TcpRedirection.cpp">
      <Filter>CppUnit\cppfile</Filter>
    </ClCompile>
    <ClCompile Include="Proactor\ProTTyClientManager.cpp">
      <Filter>Proactor\cppfile</Filter>
    </ClCompile>
    <ClCompile Include="Proactor\ProTTyHandler.cpp">
      <Filter>Proactor\cppfile</Filter>
    </ClCompile>
    <ClCompile Include="Proactor\ProConnectHandler.cpp">
      <Filter>Proactor\cppfile</Filter>
    </ClCompile>
    <ClCompile Include="CppUnit\Unit_LogicThreadManager.cpp">
      <Filter>CppUnit\cppfile</Filter>
    </ClCompile>
    <ClCompile Include="Message\MessageQueueManager.cpp">
      <Filter>Message\cppfile</Filter>
    </ClCompile>
    <ClCompile Include="CppUnit\Unit_TSTimer.cpp">
      <Filter>CppUnit\cppfile</Filter>
    </ClCompile>
    <ClCompile Include="Common\TMService.cpp">
      <Filter>Common\cppfile</Filter>
    </ClCompile>
    <ClCompile Include="CppUnit\Unit_TMService.cpp">
      <Filter>CppUnit\cppfile</Filter>
    </ClCompile>
    <ClCompile Include="..\Common\Echartlog.cpp">
      <Filter>Common\cppfile</Filter>
    </ClCompile>
    <ClCompile Include="CppUnit\Unit_EChartlog.cpp">
      <Filter>CppUnit\cppfile</Filter>
    </ClCompile>
    <ClCompile Include="Console\ConsoleMessage.cpp">
      <Filter>Console\cppfile</Filter>
    </ClCompile>
  </ItemGroup>
  <ItemGroup>
    <ClInclude Include="Common\AppConfig.h">
      <Filter>Common\hfile</Filter>
    </ClInclude>
    <ClInclude Include="Proactor\AceProactorManager.h">
      <Filter>Proactor\hfile</Filter>
    </ClInclude>
    <ClInclude Include="Common\BuffPacket.h">
      <Filter>Common\hfile</Filter>
    </ClInclude>
    <ClInclude Include="Common\BuffPacketManager.h">
      <Filter>Common\hfile</Filter>
    </ClInclude>
    <ClInclude Include="Proactor\ClientProConnectManager.h">
      <Filter>Proactor\hfile</Filter>
    </ClInclude>
    <ClInclude Include="Common\CommandAccount.h">
      <Filter>Common\hfile</Filter>
    </ClInclude>
    <ClInclude Include="Console\ConsoleMessage.h">
      <Filter>Console\hfile</Filter>
    </ClInclude>
    <ClInclude Include="Common\Fast_Asynch_Read_Stream.h">
      <Filter>Common\hfile</Filter>
    </ClInclude>
    <ClInclude Include="LogSystem\FileLogger.h">
      <Filter>Log\hfile</Filter>
    </ClInclude>
    <ClInclude Include="FileTest\FileTestManager.h">
      <Filter>FileTest\hfile</Filter>
    </ClInclude>
    <ClInclude Include="Common\ForbiddenIP.h">
      <Filter>Common\hfile</Filter>
    </ClInclude>
    <ClInclude Include="Common\Frame_Logging_Strategy.h">
      <Filter>Common\hfile</Filter>
    </ClInclude>
    <ClInclude Include="Common\IPAccount.h">
      <Filter>Common\hfile</Filter>
    </ClInclude>
    <ClInclude Include="Common\LinuxCPU.h">
      <Filter>Common\hfile</Filter>
    </ClInclude>
    <ClInclude Include="Message\LoadModule.h">
      <Filter>Message\hfile</Filter>
    </ClInclude>
    <ClInclude Include="Message\LoadPacketParse.h">
      <Filter>Message\hfile</Filter>
    </ClInclude>
    <ClInclude Include="LogSystem\LogManager.h">
      <Filter>Log\hfile</Filter>
    </ClInclude>
    <ClInclude Include="Common\MakePacket.h">
      <Filter>Common\hfile</Filter>
    </ClInclude>
    <ClInclude Include="Message\Message.h">
      <Filter>Message\hfile</Filter>
    </ClInclude>
    <ClInclude Include="Message\MessageManager.h">
      <Filter>Message\hfile</Filter>
    </ClInclude>
    <ClInclude Include="Message\MessageService.h">
      <Filter>Message\hfile</Filter>
    </ClInclude>
    <ClInclude Include="Message\ModuleMessageManager.h">
      <Filter>Message\hfile</Filter>
    </ClInclude>
    <ClInclude Include="Common\MyACELoggingStrategy.h">
      <Filter>Common\hfile</Filter>
    </ClInclude>
    <ClInclude Include="PacketParse\PacketConsoleParse.h">
      <Filter>PacketParse\hfile</Filter>
    </ClInclude>
    <ClInclude Include="PacketParse\PacketParse.h">
      <Filter>PacketParse\hfile</Filter>
    </ClInclude>
    <ClInclude Include="PacketParse\PacketParseBase.h">
      <Filter>PacketParse\hfile</Filter>
    </ClInclude>
    <ClInclude Include="PacketParse\PacketParsePool.h">
      <Filter>PacketParse\hfile</Filter>
    </ClInclude>
    <ClInclude Include="UDP\ProactorUDPClient.h">
      <Filter>Proactor\hfile</Filter>
    </ClInclude>
    <ClInclude Include="UDP\ProactorUDPHandler.h">
      <Filter>Proactor\hfile</Filter>
    </ClInclude>
    <ClInclude Include="Proactor\ProAsynchConnect.h">
      <Filter>Proactor\hfile</Filter>
    </ClInclude>
    <ClInclude Include="Proactor\ProConnectAccept.h">
      <Filter>Proactor\hfile</Filter>
    </ClInclude>
    <ClInclude Include="Proactor\ProConnectClient.h">
      <Filter>Proactor\hfile</Filter>
    </ClInclude>
    <ClInclude Include="Proactor\ProConsoleAccept.h">
      <Filter>Proactor\hfile</Filter>
    </ClInclude>
    <ClInclude Include="Proactor\ProConsoleHandle.h">
      <Filter>Proactor\hfile</Filter>
    </ClInclude>
    <ClInclude Include="Proactor\ProControlListen.h">
      <Filter>Proactor\hfile</Filter>
    </ClInclude>
    <ClInclude Include="Common\ProgramService.h">
      <Filter>Common\hfile</Filter>
    </ClInclude>
    <ClInclude Include="Proactor\ProServerManager.h">
      <Filter>Proactor\hfile</Filter>
    </ClInclude>
    <ClInclude Include="Proactor\ProSigHandle.h">
      <Filter>Proactor\hfile</Filter>
    </ClInclude>
    <ClInclude Include="UDP\ProUDPManager.h">
      <Filter>Proactor\hfile</Filter>
    </ClInclude>
    <ClInclude Include="Common\Ring.h">
      <Filter>Common\hfile</Filter>
    </ClInclude>
    <ClInclude Include="Common\SendCacheManager.h">
      <Filter>Common\hfile</Filter>
    </ClInclude>
    <ClInclude Include="Common\SendMessage.h">
      <Filter>Common\hfile</Filter>
    </ClInclude>
    <ClInclude Include="Common\ServerMessageTask.h">
      <Filter>Common\hfile</Filter>
    </ClInclude>
    <ClInclude Include="Mail\smtp.h">
      <Filter>Mail\hfile</Filter>
    </ClInclude>
    <ClInclude Include="Common\ThreadInfo.h">
      <Filter>Common\hfile</Filter>
    </ClInclude>
    <ClInclude Include="Common\TimerManager.h">
      <Filter>Common\hfile</Filter>
    </ClInclude>
    <ClInclude Include="TinyXML\tinystr.h">
      <Filter>tinyXML\hfile</Filter>
    </ClInclude>
    <ClInclude Include="TinyXML\tinyxml.h">
      <Filter>tinyXML\hfile</Filter>
    </ClInclude>
    <ClInclude Include="Common\WindowsCPU.h">
      <Filter>Common\hfile</Filter>
    </ClInclude>
    <ClInclude Include="Common\WindowsDump.h">
      <Filter>Common\hfile</Filter>
    </ClInclude>
    <ClInclude Include="Common\WindowsProcess.h">
      <Filter>Common\hfile</Filter>
    </ClInclude>
    <ClInclude Include="Message\WorkThreadAI.h">
      <Filter>Message\hfile</Filter>
    </ClInclude>
    <ClInclude Include="Common\XmlOpeation.h">
      <Filter>Common\hfile</Filter>
    </ClInclude>
    <ClInclude Include="Encrypt\Aes.h">
      <Filter>Encrypt\hfile</Filter>
    </ClInclude>
    <ClInclude Include="Mail\base64.h">
      <Filter>Encrypt\hfile</Filter>
    </ClInclude>
    <ClInclude Include="FileTest\FileTest.h">
      <Filter>FileTest\hfile</Filter>
    </ClInclude>
    <ClInclude Include="Common\MessageBlockManager.h">
      <Filter>Common\hfile</Filter>
    </ClInclude>
    <ClInclude Include="Console\ConsolePromiss.h">
      <Filter>Console\hfile</Filter>
    </ClInclude>
    <ClInclude Include="Message\MessageDyeingManager.h">
      <Filter>Message\hfile</Filter>
    </ClInclude>
    <ClInclude Include="Console\FrameCommand.h">
      <Filter>Console\hfile</Filter>
    </ClInclude>
    <ClInclude Include="..\Common\define.h">
      <Filter>Common\hfile</Filter>
    </ClInclude>
    <ClInclude Include="..\Common\Trace.h">
      <Filter>Common\hfile</Filter>
    </ClInclude>
    <ClInclude Include="..\Common\ClientCommand.h">
      <Filter>IObject</Filter>
    </ClInclude>
    <ClInclude Include="..\Common\ClientMessage.h">
      <Filter>IObject</Filter>
    </ClInclude>
    <ClInclude Include="..\Common\ClientUDPMassage.h">
      <Filter>IObject</Filter>
    </ClInclude>
    <ClInclude Include="..\Common\IBuffPacket.h">
      <Filter>IObject</Filter>
    </ClInclude>
    <ClInclude Include="..\Common\ICheckPacket.h">
      <Filter>IObject</Filter>
    </ClInclude>
    <ClInclude Include="..\Common\IClientManager.h">
      <Filter>IObject</Filter>
    </ClInclude>
    <ClInclude Include="..\Common\IClientParse.h">
      <Filter>IObject</Filter>
    </ClInclude>
    <ClInclude Include="..\Common\IConnectManager.h">
      <Filter>IObject</Filter>
    </ClInclude>
    <ClInclude Include="..\Common\IControlListen.h">
      <Filter>IObject</Filter>
    </ClInclude>
    <ClInclude Include="..\Common\IFrameCommand.h">
      <Filter>IObject</Filter>
    </ClInclude>
    <ClInclude Include="..\Common\ILogManager.h">
      <Filter>IObject</Filter>
    </ClInclude>
    <ClInclude Include="..\Common\ILogObject.h">
      <Filter>IObject</Filter>
    </ClInclude>
    <ClInclude Include="..\Common\IMessage.h">
      <Filter>IObject</Filter>
    </ClInclude>
    <ClInclude Include="..\Common\IMessageBlockManager.h">
      <Filter>IObject</Filter>
    </ClInclude>
    <ClInclude Include="..\Common\IMessageManager.h">
      <Filter>IObject</Filter>
    </ClInclude>
    <ClInclude Include="..\Common\IModuleInfo.h">
      <Filter>IObject</Filter>
    </ClInclude>
    <ClInclude Include="..\Common\IModuleMessageManager.h">
      <Filter>IObject</Filter>
    </ClInclude>
    <ClInclude Include="..\Common\IObject.h">
      <Filter>IObject</Filter>
    </ClInclude>
    <ClInclude Include="..\Common\IPacketManager.h">
      <Filter>IObject</Filter>
    </ClInclude>
    <ClInclude Include="..\Common\IPacketParse.h">
      <Filter>IObject</Filter>
    </ClInclude>
    <ClInclude Include="..\Common\ISendCacheManager.h">
      <Filter>IObject</Filter>
    </ClInclude>
    <ClInclude Include="..\Common\IServerManager.h">
      <Filter>IObject</Filter>
    </ClInclude>
    <ClInclude Include="..\Common\ITimerManager.h">
      <Filter>IObject</Filter>
    </ClInclude>
    <ClInclude Include="..\Common\IUDPConnectManager.h">
      <Filter>IObject</Filter>
    </ClInclude>
    <ClInclude Include="..\Common\HashTable.h">
      <Filter>Common\hfile</Filter>
    </ClInclude>
    <ClInclude Include="..\Common\TimeWheelLink.h">
      <Filter>Common\hfile</Filter>
    </ClInclude>
    <ClInclude Include="..\Common\ObjectArrayList.h">
      <Filter>Common\hfile</Filter>
    </ClInclude>
    <ClInclude Include="..\Common\CreateInfo.h">
      <Filter>Common\hfile</Filter>
    </ClInclude>
    <ClInclude Include="..\Common\ObjectPoolManager.h">
      <Filter>Common\hfile</Filter>
    </ClInclude>
    <ClInclude Include="..\Common\ObjectLru.h">
      <Filter>Common\hfile</Filter>
    </ClInclude>
    <ClInclude Include="..\Common\IpCheck.h">
      <Filter>Common\hfile</Filter>
    </ClInclude>
    <ClInclude Include="Console\MessageDefine.h">
      <Filter>Console\hfile</Filter>
    </ClInclude>
    <ClInclude Include="Console\MessageDispose.h">
      <Filter>Console\hfile</Filter>
    </ClInclude>
    <ClInclude Include="Common\BaseClientConnectManager.h">
      <Filter>Common\hfile</Filter>
    </ClInclude>
    <ClInclude Include="Common\BaseConsoleHandle.h">
      <Filter>Common\hfile</Filter>
    </ClInclude>
    <ClInclude Include="Common\BaseConnectClient.h">
      <Filter>Common\hfile</Filter>
    </ClInclude>
    <ClInclude Include="Common\BaseTask.h">
      <Filter>Common\hfile</Filter>
    </ClInclude>
    <ClInclude Include="Common\BaseHander.h">
      <Filter>Common\hfile</Filter>
    </ClInclude>
    <ClInclude Include="Common\BaseServerManager.h">
      <Filter>Common\hfile</Filter>
    </ClInclude>
    <ClInclude Include="Common\XmlConfig.h">
      <Filter>Common\hfile</Filter>
    </ClInclude>
    <ClInclude Include="CppUnit\CppUnitMain.h">
      <Filter>CppUnit\hfile</Filter>
    </ClInclude>
    <ClInclude Include="CppUnit\Unit_BuffPacket.h">
      <Filter>CppUnit\hfile</Filter>
    </ClInclude>
    <ClInclude Include="CppUnit\Unit_Common.h">
      <Filter>CppUnit\hfile</Filter>
    </ClInclude>
    <ClInclude Include="CppUnit\Unit_FileTestManager.h">
      <Filter>CppUnit\hfile</Filter>
    </ClInclude>
    <ClInclude Include="CppUnit\Unit_CommandAccount.h">
      <Filter>CppUnit\hfile</Filter>
    </ClInclude>
    <ClInclude Include="CppUnit\Unit_AppConfig.h">
      <Filter>CppUnit\hfile</Filter>
    </ClInclude>
    <ClInclude Include="CppUnit\Uint_ConsolePromissions.h">
      <Filter>CppUnit\hfile</Filter>
    </ClInclude>
    <ClInclude Include="CppUnit\Uint_ConsoleMessage.h">
      <Filter>CppUnit\hfile</Filter>
    </ClInclude>
    <ClInclude Include="CppUnit\Unit_Aes.h">
      <Filter>CppUnit\hfile</Filter>
    </ClInclude>
    <ClInclude Include="CppUnit\Unit_ConnectTcp.h">
      <Filter>CppUnit\hfile</Filter>
    </ClInclude>
    <ClInclude Include="CppUnit\PostServerMessage.h">
      <Filter>CppUnit\hfile</Filter>
    </ClInclude>
    <ClInclude Include="CppUnit\Unit_BaseHandler.h">
      <Filter>CppUnit\hfile</Filter>
    </ClInclude>
    <ClInclude Include="CppUnit\Unit_MessageDefine.h">
      <Filter>CppUnit\hfile</Filter>
    </ClInclude>
    <ClInclude Include="CppUnit\Unit_IPAccount.h">
      <Filter>CppUnit\hfile</Filter>
    </ClInclude>
    <ClInclude Include="CppUnit\Unit_FrameCommand.h">
      <Filter>CppUnit\hfile</Filter>
    </ClInclude>
    <ClInclude Include="CppUnit\PostUdpServerMessage.h">
      <Filter>CppUnit\hfile</Filter>
    </ClInclude>
    <ClInclude Include="CppUnit\Unit_TimeQueue.h">
      <Filter>CppUnit\hfile</Filter>
    </ClInclude>
    <ClInclude Include="CppUnit\Unit_ModuleMessageManager.h">
      <Filter>CppUnit\hfile</Filter>
    </ClInclude>
    <ClInclude Include="CppUnit\Unit_FileLog.h">
      <Filter>CppUnit\hfile</Filter>
    </ClInclude>
    <ClInclude Include="CppUnit\Unit_ConnectUdp.h">
      <Filter>CppUnit\hfile</Filter>
    </ClInclude>
    <ClInclude Include="CppUnit\Unit_BaseConnectClient.h">
      <Filter>CppUnit\hfile</Filter>
    </ClInclude>
    <ClInclude Include="CppUnit\Uint_ServerMessageInfoPool.h">
      <Filter>CppUnit\hfile</Filter>
    </ClInclude>
    <ClInclude Include="CppUnit\Unit_ProfileTime.h">
      <Filter>CppUnit\hfile</Filter>
    </ClInclude>
    <ClInclude Include="CppUnit\Unit_WorkThreadAI.h">
      <Filter>CppUnit\hfile</Filter>
    </ClInclude>
    <ClInclude Include="CppUnit\Unit_ControlListen.h">
      <Filter>CppUnit\hfile</Filter>
    </ClInclude>
    <ClInclude Include="CppUnit\Unit_MakePacket.h">
      <Filter>CppUnit\hfile</Filter>
    </ClInclude>
    <ClInclude Include="CppUnit\Unit_ForbiddenIP.h">
      <Filter>CppUnit\hfile</Filter>
    </ClInclude>
    <ClInclude Include="CppUnit\Uint_AceReactorManager.h">
      <Filter>CppUnit\hfile</Filter>
    </ClInclude>
    <ClInclude Include="CppUnit\Uint_ThreadInfo.h">
      <Filter>CppUnit\hfile</Filter>
    </ClInclude>
    <ClInclude Include="CppUnit\Uint_ConnectHandler.h">
      <Filter>CppUnit\hfile</Filter>
    </ClInclude>
    <ClInclude Include="CppUnit\Uint_PacketParse.h">
      <Filter>CppUnit\hfile</Filter>
    </ClInclude>
    <ClInclude Include="CppUnit\Uint_ServerMessageManager.h">
      <Filter>CppUnit\hfile</Filter>
    </ClInclude>
    <ClInclude Include="CppUnit\Uint_MessageService.h">
      <Filter>CppUnit\hfile</Filter>
    </ClInclude>
    <ClInclude Include="CppUnit\Uint_ConnectClient.h">
      <Filter>CppUnit\hfile</Filter>
    </ClInclude>
    <ClInclude Include="CppUnit\Uint_LogManager.h">
      <Filter>CppUnit\hfile</Filter>
    </ClInclude>
    <ClInclude Include="CppUnit\Unit_LoadModule.h">
      <Filter>CppUnit\hfile</Filter>
    </ClInclude>
    <ClInclude Include="Mail\smtps.h">
      <Filter>Mail\hfile</Filter>
    </ClInclude>
    <ClInclude Include="..\Common\ITSTimer.h">
      <Filter>IObject</Filter>
    </ClInclude>
    <ClInclude Include="Common\TcpRedirection.h">
      <Filter>Common\hfile</Filter>
    </ClInclude>
    <ClInclude Include="CppUnit\Uint_TcpRedirection.h">
      <Filter>CppUnit\hfile</Filter>
    </ClInclude>
    <ClInclude Include="Proactor\ProTTyClientManager.h">
      <Filter>Proactor\hfile</Filter>
    </ClInclude>
    <ClInclude Include="Proactor\ProTTyHandler.h">
      <Filter>Proactor\hfile</Filter>
    </ClInclude>
    <ClInclude Include="..\Common\ProfileTime.h">
      <Filter>Common\hfile</Filter>
    </ClInclude>
    <ClInclude Include="Proactor\ProConnectHandler.h">
      <Filter>Proactor\hfile</Filter>
    </ClInclude>
    <ClInclude Include="..\Common\ILogicThreadManager.h">
      <Filter>IObject</Filter>
    </ClInclude>
    <ClInclude Include="CppUnit\Unit_LogicThreadManager.h">
      <Filter>CppUnit\hfile</Filter>
    </ClInclude>
    <ClInclude Include="Message\MessageQueueManager.h">
      <Filter>Message\hfile</Filter>
    </ClInclude>
    <ClInclude Include="..\Common\ITTyClientManager.h">
      <Filter>IObject</Filter>
    </ClInclude>
    <ClInclude Include="..\Common\ThreadLock.h">
      <Filter>Common\hfile</Filter>
    </ClInclude>
    <ClInclude Include="..\Common\Object_Pool.h">
      <Filter>Common\hfile</Filter>
    </ClInclude>
    <ClInclude Include="..\Common\date.h">
      <Filter>Common\hfile</Filter>
    </ClInclude>
    <ClInclude Include="..\Common\TSCommon.hpp">
      <Filter>Common\hfile</Filter>
    </ClInclude>
    <ClInclude Include="CppUnit\Unit_TSTimer.h">
      <Filter>CppUnit\hfile</Filter>
    </ClInclude>
    <ClInclude Include="..\Common\ITMService.h">
      <Filter>Common\hfile</Filter>
    </ClInclude>
    <ClInclude Include="Common\TMService.h">
      <Filter>Common\hfile</Filter>
    </ClInclude>
    <ClInclude Include="CppUnit\Unit_TMService.h">
      <Filter>CppUnit\hfile</Filter>
    </ClInclude>
    <ClInclude Include="..\Common\Echartlog.h">
      <Filter>Common\hfile</Filter>
    </ClInclude>
    <ClInclude Include="..\Common\IEchartlog.h">
      <Filter>Common\hfile</Filter>
    </ClInclude>
    <ClInclude Include="CppUnit\Unit_EChartlog.h">
      <Filter>CppUnit\hfile</Filter>
    </ClInclude>
    <ClInclude Include="Common\IDeviceHandler.h">
      <Filter>IObject</Filter>
    </ClInclude>
    <ClInclude Include="..\Common\TimerNodeList.hpp">
      <Filter>Common\hfile</Filter>
    </ClInclude>
    <ClInclude Include="..\Common\TimerEvent.hpp">
      <Filter>Common\hfile</Filter>
    </ClInclude>
    <ClInclude Include="..\Common\ThreadLogic.hpp">
      <Filter>Common\hfile</Filter>
    </ClInclude>
    <ClInclude Include="..\Common\Threading.hpp">
      <Filter>Common\hfile</Filter>
    </ClInclude>
    <ClInclude Include="..\Common\RandomNumber.hpp">
      <Filter>Common\hfile</Filter>
    </ClInclude>
    <ClInclude Include="..\Common\ILogicQueue.hpp">
      <Filter>Common\hfile</Filter>
    </ClInclude>
    <ClInclude Include="..\Common\IMessageQueueManager.h">
      <Filter>IObject</Filter>
    </ClInclude>
    <ClInclude Include="..\Common\ACEMemory.hpp">
      <Filter>Common\cppfile</Filter>
    </ClInclude>
    <ClInclude Include="Common\MakePacket_Common.h">
      <Filter>Common\hfile</Filter>
    </ClInclude>
  </ItemGroup>
  <ItemGroup>
    <Text Include="ReadMe.txt" />
  </ItemGroup>
  <ItemGroup>
    <Filter Include="Common">
      <UniqueIdentifier>{6e1a23c5-c02b-4aee-8c08-d3723f10720d}</UniqueIdentifier>
    </Filter>
    <Filter Include="Proactor">
      <UniqueIdentifier>{2a678cc6-c2ae-4c13-aaa7-086e05baf28c}</UniqueIdentifier>
    </Filter>
    <Filter Include="Encrypt">
      <UniqueIdentifier>{3b791c4d-65a6-454b-a4b1-2794c06c04a0}</UniqueIdentifier>
    </Filter>
    <Filter Include="IObject">
      <UniqueIdentifier>{c49d20cb-26cd-4a0a-9f8e-c5cd10998f28}</UniqueIdentifier>
    </Filter>
    <Filter Include="Console">
      <UniqueIdentifier>{f37fc6e6-ee47-4cf3-a598-636d72c0edad}</UniqueIdentifier>
    </Filter>
    <Filter Include="Log">
      <UniqueIdentifier>{4e976861-1a1e-4f67-b2a4-4bd480ba541c}</UniqueIdentifier>
    </Filter>
    <Filter Include="FileTest">
      <UniqueIdentifier>{785fd0fd-b5dc-4a3c-a1c6-77669c9334c6}</UniqueIdentifier>
    </Filter>
    <Filter Include="Message">
      <UniqueIdentifier>{896581cd-642c-4a01-b5d8-170a98f924ab}</UniqueIdentifier>
    </Filter>
    <Filter Include="PacketParse">
      <UniqueIdentifier>{a13c567d-c6d1-4684-bad8-3f6d992aa777}</UniqueIdentifier>
    </Filter>
    <Filter Include="Main">
      <UniqueIdentifier>{dfc85df2-d608-477b-9f8b-42a2a180038d}</UniqueIdentifier>
    </Filter>
    <Filter Include="Mail">
      <UniqueIdentifier>{970d6c7c-808b-42bc-9bc9-9539a3cd188d}</UniqueIdentifier>
    </Filter>
    <Filter Include="tinyXML">
      <UniqueIdentifier>{eb14e4e1-f354-4e01-aa9d-49a40be305e1}</UniqueIdentifier>
    </Filter>
    <Filter Include="Common\hfile">
      <UniqueIdentifier>{42777ead-2a37-4713-9cc8-6fc453f631f9}</UniqueIdentifier>
    </Filter>
    <Filter Include="Common\cppfile">
      <UniqueIdentifier>{c6b94503-a35f-4875-aed8-9765f833e62f}</UniqueIdentifier>
    </Filter>
    <Filter Include="Console\hfile">
      <UniqueIdentifier>{fc710f41-657a-4714-925c-8f101da08a43}</UniqueIdentifier>
    </Filter>
    <Filter Include="Console\cppfile">
      <UniqueIdentifier>{36a16cce-407e-40d5-a447-92dad660ab24}</UniqueIdentifier>
    </Filter>
    <Filter Include="Encrypt\hfile">
      <UniqueIdentifier>{a141de86-995a-4c13-9e94-1870682a9d70}</UniqueIdentifier>
    </Filter>
    <Filter Include="Encrypt\cppfile">
      <UniqueIdentifier>{fb940973-e613-4320-8aa7-730a843906ac}</UniqueIdentifier>
    </Filter>
    <Filter Include="Log\hfile">
      <UniqueIdentifier>{f3d9cfb7-6b32-4583-885e-7a4a67b5179d}</UniqueIdentifier>
    </Filter>
    <Filter Include="Log\cppfile">
      <UniqueIdentifier>{4beb72a1-38b1-4c26-a204-63a243264a27}</UniqueIdentifier>
    </Filter>
    <Filter Include="FileTest\hfile">
      <UniqueIdentifier>{4f990f22-32e2-479f-b960-e10835d3ef0b}</UniqueIdentifier>
    </Filter>
    <Filter Include="FileTest\cppfile">
      <UniqueIdentifier>{e2eb1591-de5e-4cee-a500-e30bcca181cd}</UniqueIdentifier>
    </Filter>
    <Filter Include="Message\cppfile">
      <UniqueIdentifier>{1e7d4140-e9e7-4ecb-bad4-32f340ac7bb1}</UniqueIdentifier>
    </Filter>
    <Filter Include="Message\hfile">
      <UniqueIdentifier>{eedd631e-d496-41f3-ba0a-49baee3570cf}</UniqueIdentifier>
    </Filter>
    <Filter Include="Mail\cppfile">
      <UniqueIdentifier>{400682d1-ea86-4aa9-8384-f4d6b733a986}</UniqueIdentifier>
    </Filter>
    <Filter Include="Mail\hfile">
      <UniqueIdentifier>{53b14e23-05f4-443d-a720-6bbbbf87f593}</UniqueIdentifier>
    </Filter>
    <Filter Include="tinyXML\cppfile">
      <UniqueIdentifier>{243887f0-535c-4f57-81a4-d0c303c98805}</UniqueIdentifier>
    </Filter>
    <Filter Include="tinyXML\hfile">
      <UniqueIdentifier>{c9395047-1d79-4b3d-a7f2-6b377b350f35}</UniqueIdentifier>
    </Filter>
    <Filter Include="PacketParse\cppfile">
      <UniqueIdentifier>{8c5c378f-e2ba-4b48-ab70-112851fb0afb}</UniqueIdentifier>
    </Filter>
    <Filter Include="PacketParse\hfile">
      <UniqueIdentifier>{435fc3fc-5365-4bd5-8ffe-b55d3faa34f2}</UniqueIdentifier>
    </Filter>
    <Filter Include="Proactor\hfile">
      <UniqueIdentifier>{236514d0-07af-4b1d-8016-50b13c571e3a}</UniqueIdentifier>
    </Filter>
    <Filter Include="Proactor\cppfile">
      <UniqueIdentifier>{b9c7fd4f-4b91-4b70-ac4e-0516b2b19322}</UniqueIdentifier>
    </Filter>
    <Filter Include="CppUnit">
      <UniqueIdentifier>{0f1feb6c-b6f4-4a7c-b190-f48f8b592edc}</UniqueIdentifier>
    </Filter>
    <Filter Include="CppUnit\hfile">
      <UniqueIdentifier>{de713252-9822-4162-bdf5-86b770c0d7a7}</UniqueIdentifier>
    </Filter>
    <Filter Include="CppUnit\cppfile">
      <UniqueIdentifier>{0f62b50d-545b-4de3-852e-6f0e85ef76f4}</UniqueIdentifier>
    </Filter>
  </ItemGroup>
</Project>