<?xml version="1.0" encoding="UTF-8" standalone="yes" ?>
<CodeBlocks_project_file>
	<FileVersion major="1" minor="6" />
	<Project>
		<Option title="PurenessScopeServer" />
		<Option pch_mode="2" />
		<Option compiler="gcc" />
		<Build>
			<Target title="Release x64">
				<Option output="../../Build/Prj_CodeBlocks/Linux_Bin/PurenessScopeServer_R" prefix_auto="1" extension_auto="1" />
				<Option object_output="../../Build/Prj_CodeBlocks/Temp/" />
				<Option deps_output="../../Build/Prj_CodeBlocks/Linux_Bin/" />
				<Option type="0" />
				<Option compiler="gcc" />
				<Compiler>
					<Add option="-Wall" />
					<Add directory="../Common/" />
					<Add directory="./Common/" />
					<Add directory="./Encrypt/" />
					<Add directory="./LogSystem/" />
					<Add directory="./Message/" />
					<Add directory="./PacketParse/" />
					<Add directory="./Proactor/" />
					<Add directory="./Reactor/" />
					<Add directory="./UDP/" />
					<Add directory="./Console/" />
					<Add directory="./TinyXML/" />
					<Add directory="./Mail/" />
					<Add directory="./FileTest/" />
				</Compiler>
				<Linker>
					<Add library="/usr/local/lib/libACE.so" />
					<Add library="/usr/lib/libdl.so" />
					<Add library="/usr/lib/libpthread.so" />
					<Add directory="$(ACE_ROOT)/lib/" />
					<Add directory="./Lib/" />
				</Linker>
			</Target>
		</Build>
		<Unit filename="../Common/ACEMemory.cpp" />
		<Unit filename="../Common/ACEMemory.h" />
		<Unit filename="../Common/ClientCommand.h" />
		<Unit filename="../Common/ClientMessage.h" />
		<Unit filename="../Common/ClientUDPMassage.h" />
		<Unit filename="../Common/CreateInfo.h" />
		<Unit filename="../Common/HashTable.h" />
		<Unit filename="../Common/IBuffPacket.h" />
		<Unit filename="../Common/ICheckPacket.h" />
		<Unit filename="../Common/IClientManager.h" />
		<Unit filename="../Common/IClientParse.h" />
		<Unit filename="../Common/IConnectManager.h" />
		<Unit filename="../Common/IControlListen.h" />
		<Unit filename="../Common/IFrameCommand.h" />
		<Unit filename="../Common/ILogManager.h" />
		<Unit filename="../Common/ILogObject.h" />
		<Unit filename="../Common/IMessage.h" />
		<Unit filename="../Common/IMessageBlockManager.h" />
		<Unit filename="../Common/IMessageManager.h" />
		<Unit filename="../Common/IModuleInfo.h" />
		<Unit filename="../Common/IModuleMessageManager.h" />
		<Unit filename="../Common/IObject.h" />
		<Unit filename="../Common/IPacketManager.h" />
		<Unit filename="../Common/IPacketParse.h" />
		<Unit filename="../Common/ISendCacheManager.h" />
		<Unit filename="../Common/IServerManager.h" />
		<Unit filename="../Common/ITSTimer.h" />
		<Unit filename="../Common/ITimerManager.h" />
		<Unit filename="../Common/IUDPConnectManager.h" />
		<Unit filename="../Common/IpCheck.h" />
		<Unit filename="../Common/ObjectArrayList.h" />
		<Unit filename="../Common/ObjectLru.h" />
		<Unit filename="../Common/ObjectPoolManager.h" />
		<Unit filename="../Common/ProfileTime.h" />
		<Unit filename="../Common/RandomNumber.cpp" />
		<Unit filename="../Common/RandomNumber.h" />
		<Unit filename="../Common/Threading.cpp" />
		<Unit filename="../Common/Threading.h" />
		<Unit filename="../Common/TimeWheelLink.h" />
		<Unit filename="../Common/Time_Value.cpp" />
		<Unit filename="../Common/Time_Value.h" />
		<Unit filename="../Common/TimerCommon.h" />
		<Unit filename="../Common/TimerInfo.cpp" />
		<Unit filename="../Common/TimerInfo.h" />
		<Unit filename="../Common/TimerThread.cpp" />
		<Unit filename="../Common/TimerThread.h" />
		<Unit filename="../Common/Trace.h" />
		<Unit filename="../Common/define.h" />
		<Unit filename="Common/AppConfig.cpp" />
		<Unit filename="Common/AppConfig.h" />
		<Unit filename="Common/BaseClientConnectManager.cpp" />
		<Unit filename="Common/BaseClientConnectManager.h" />
		<Unit filename="Common/BaseConnectClient.cpp" />
		<Unit filename="Common/BaseConnectClient.h" />
		<Unit filename="Common/BaseConsoleHandle.cpp" />
		<Unit filename="Common/BaseConsoleHandle.h" />
		<Unit filename="Common/BaseHander.cpp" />
		<Unit filename="Common/BaseHander.h" />
		<Unit filename="Common/BaseServerManager.cpp" />
		<Unit filename="Common/BaseServerManager.h" />
		<Unit filename="Common/BaseTask.cpp" />
		<Unit filename="Common/BaseTask.h" />
		<Unit filename="Common/BuffPacket.cpp" />
		<Unit filename="Common/BuffPacket.h" />
		<Unit filename="Common/BuffPacketManager.cpp" />
		<Unit filename="Common/BuffPacketManager.h" />
		<Unit filename="Common/CommandAccount.cpp" />
		<Unit filename="Common/CommandAccount.h" />
		<Unit filename="Common/Fast_Asynch_Read_Stream.h" />
		<Unit filename="Common/ForbiddenIP.cpp" />
		<Unit filename="Common/ForbiddenIP.h" />
		<Unit filename="Common/Frame_Logging_Strategy.cpp" />
		<Unit filename="Common/Frame_Logging_Strategy.h" />
		<Unit filename="Common/IPAccount.cpp" />
		<Unit filename="Common/IPAccount.h" />
		<Unit filename="Common/LinuxCPU.cpp" />
		<Unit filename="Common/LinuxCPU.h" />
		<Unit filename="Common/MakePacket.cpp" />
		<Unit filename="Common/MakePacket.h" />
		<Unit filename="Common/MessageBlockManager.cpp" />
		<Unit filename="Common/MessageBlockManager.h" />
		<Unit filename="Common/MyACELoggingStrategy.cpp" />
		<Unit filename="Common/MyACELoggingStrategy.h" />
		<Unit filename="Common/ProfileTime.cpp" />
		<Unit filename="Common/ProgramService.cpp" />
		<Unit filename="Common/ProgramService.h" />
		<Unit filename="Common/Ring.h" />
		<Unit filename="Common/SendCacheManager.cpp" />
		<Unit filename="Common/SendCacheManager.h" />
		<Unit filename="Common/SendMessage.cpp" />
		<Unit filename="Common/SendMessage.h" />
		<Unit filename="Common/ServerMessageTask.cpp" />
		<Unit filename="Common/ServerMessageTask.h" />
		<Unit filename="Common/TcpRedirection.cpp" />
		<Unit filename="Common/TcpRedirection.h" />
		<Unit filename="Common/ThreadInfo.cpp" />
		<Unit filename="Common/ThreadInfo.h" />
		<Unit filename="Common/ThreadLock.h" />
		<Unit filename="Common/TimerManager.cpp" />
		<Unit filename="Common/TimerManager.h" />
		<Unit filename="Common/WindowsCPU.cpp" />
		<Unit filename="Common/WindowsCPU.h" />
		<Unit filename="Common/WindowsDump.h" />
		<Unit filename="Common/WindowsProcess.cpp" />
		<Unit filename="Common/WindowsProcess.h" />
		<Unit filename="Common/XmlConfig.cpp" />
		<Unit filename="Common/XmlConfig.h" />
		<Unit filename="Common/XmlOpeation.cpp" />
		<Unit filename="Common/XmlOpeation.h" />
		<Unit filename="Console/ConsoleMessage.cpp" />
		<Unit filename="Console/ConsoleMessage.h" />
		<Unit filename="Console/ConsolePromiss.cpp" />
		<Unit filename="Console/ConsolePromiss.h" />
		<Unit filename="Console/FrameCommand.cpp" />
		<Unit filename="Console/FrameCommand.h" />
		<Unit filename="Console/MessageDefine.cpp" />
		<Unit filename="Console/MessageDefine.h" />
		<Unit filename="Console/MessageDispose.cpp" />
		<Unit filename="Console/MessageDispose.h" />
		<Unit filename="CppUnit/CppUnitMain.cpp" />
		<Unit filename="CppUnit/CppUnitMain.h" />
		<Unit filename="CppUnit/PostServerMessage.h" />
		<Unit filename="CppUnit/PostUdpServerMessage.h" />
		<Unit filename="CppUnit/Uint_AceReactorManager.cpp" />
		<Unit filename="CppUnit/Uint_AceReactorManager.h" />
		<Unit filename="CppUnit/Uint_ConnectClient.cpp" />
		<Unit filename="CppUnit/Uint_ConnectClient.h" />
		<Unit filename="CppUnit/Uint_ConnectHandler.cpp" />
		<Unit filename="CppUnit/Uint_ConnectHandler.h" />
		<Unit filename="CppUnit/Uint_ConsoleMessage.cpp" />
		<Unit filename="CppUnit/Uint_ConsoleMessage.h" />
		<Unit filename="CppUnit/Uint_ConsolePromissions.cpp" />
		<Unit filename="CppUnit/Uint_ConsolePromissions.h" />
		<Unit filename="CppUnit/Uint_LogManager.cpp" />
		<Unit filename="CppUnit/Uint_LogManager.h" />
		<Unit filename="CppUnit/Uint_MessageService.cpp" />
		<Unit filename="CppUnit/Uint_MessageService.h" />
		<Unit filename="CppUnit/Uint_PacketParse.cpp" />
		<Unit filename="CppUnit/Uint_PacketParse.h" />
		<Unit filename="CppUnit/Uint_ServerMessageInfoPool.cpp" />
		<Unit filename="CppUnit/Uint_ServerMessageInfoPool.h" />
		<Unit filename="CppUnit/Uint_ServerMessageManager.cpp" />
		<Unit filename="CppUnit/Uint_ServerMessageManager.h" />
		<Unit filename="CppUnit/Uint_TcpRedirection.cpp" />
		<Unit filename="CppUnit/Uint_TcpRedirection.h" />
		<Unit filename="CppUnit/Uint_ThreadInfo.cpp" />
		<Unit filename="CppUnit/Uint_ThreadInfo.h" />
		<Unit filename="CppUnit/Unit_Aes.cpp" />
		<Unit filename="CppUnit/Unit_Aes.h" />
		<Unit filename="CppUnit/Unit_AppConfig.cpp" />
		<Unit filename="CppUnit/Unit_AppConfig.h" />
		<Unit filename="CppUnit/Unit_BaseConnectClient.cpp" />
		<Unit filename="CppUnit/Unit_BaseConnectClient.h" />
		<Unit filename="CppUnit/Unit_BaseHandler.cpp" />
		<Unit filename="CppUnit/Unit_BaseHandler.h" />
		<Unit filename="CppUnit/Unit_BuffPacket.cpp" />
		<Unit filename="CppUnit/Unit_BuffPacket.h" />
		<Unit filename="CppUnit/Unit_CommandAccount.cpp" />
		<Unit filename="CppUnit/Unit_CommandAccount.h" />
		<Unit filename="CppUnit/Unit_Common.h" />
		<Unit filename="CppUnit/Unit_ConnectTcp.cpp" />
		<Unit filename="CppUnit/Unit_ConnectTcp.h" />
		<Unit filename="CppUnit/Unit_ConnectUdp.cpp" />
		<Unit filename="CppUnit/Unit_ConnectUdp.h" />
		<Unit filename="CppUnit/Unit_ControlListen.cpp" />
		<Unit filename="CppUnit/Unit_ControlListen.h" />
		<Unit filename="CppUnit/Unit_FileLog.cpp" />
		<Unit filename="CppUnit/Unit_FileLog.h" />
		<Unit filename="CppUnit/Unit_FileTestManager.cpp" />
		<Unit filename="CppUnit/Unit_FileTestManager.h" />
		<Unit filename="CppUnit/Unit_ForbiddenIP.cpp" />
		<Unit filename="CppUnit/Unit_ForbiddenIP.h" />
		<Unit filename="CppUnit/Unit_FrameCommand.cpp" />
		<Unit filename="CppUnit/Unit_FrameCommand.h" />
		<Unit filename="CppUnit/Unit_IPAccount.cpp" />
		<Unit filename="CppUnit/Unit_IPAccount.h" />
		<Unit filename="CppUnit/Unit_LoadModule.cpp" />
		<Unit filename="CppUnit/Unit_LoadModule.h" />
		<Unit filename="CppUnit/Unit_Logging.cpp" />
		<Unit filename="CppUnit/Unit_Logging.h" />
		<Unit filename="CppUnit/Unit_MakePacket.cpp" />
		<Unit filename="CppUnit/Unit_MakePacket.h" />
		<Unit filename="CppUnit/Unit_MessageDefine.cpp" />
		<Unit filename="CppUnit/Unit_MessageDefine.h" />
		<Unit filename="CppUnit/Unit_MessageDyeingManager.cpp" />
		<Unit filename="CppUnit/Unit_ModuleMessageManager.cpp" />
		<Unit filename="CppUnit/Unit_ModuleMessageManager.h" />
		<Unit filename="CppUnit/Unit_ProfileTime.cpp" />
		<Unit filename="CppUnit/Unit_ProfileTime.h" />
		<Unit filename="CppUnit/Unit_TimeQueue.cpp" />
		<Unit filename="CppUnit/Unit_TimeQueue.h" />
		<Unit filename="CppUnit/Unit_WorkThreadAI.cpp" />
		<Unit filename="CppUnit/Unit_WorkThreadAI.h" />
		<Unit filename="Encrypt/Aes.cpp" />
		<Unit filename="Encrypt/Aes.h" />
		<Unit filename="FileTest/FileTest.h" />
		<Unit filename="FileTest/FileTestManager.cpp" />
		<Unit filename="FileTest/FileTestManager.h" />
		<Unit filename="LogSystem/FileLogger.cpp" />
		<Unit filename="LogSystem/FileLogger.h" />
		<Unit filename="LogSystem/LogManager.cpp" />
		<Unit filename="LogSystem/LogManager.h" />
		<Unit filename="Mail/base64.cpp" />
		<Unit filename="Mail/base64.h" />
		<Unit filename="Mail/smtp.cpp" />
		<Unit filename="Mail/smtp.h" />
		<Unit filename="Mail/smtps.cpp" />
		<Unit filename="Mail/smtps.h" />
		<Unit filename="Message/LoadModule.cpp" />
		<Unit filename="Message/LoadModule.h" />
		<Unit filename="Message/LoadPacketParse.cpp" />
		<Unit filename="Message/LoadPacketParse.h" />
		<Unit filename="Message/LogicThreadManager.cpp" />
		<Unit filename="Message/LogicThreadManager.h" />
		<Unit filename="Message/Message.cpp" />
		<Unit filename="Message/Message.h" />
		<Unit filename="Message/MessageDyeingManager.cpp" />
		<Unit filename="Message/MessageDyeingManager.h" />
		<Unit filename="Message/MessageManager.cpp" />
		<Unit filename="Message/MessageManager.h" />
		<Unit filename="Message/MessageService.cpp" />
		<Unit filename="Message/MessageService.h" />
		<Unit filename="Message/ModuleMessageManager.cpp" />
		<Unit filename="Message/ModuleMessageManager.h" />
		<Unit filename="Message/WorkThreadAI.cpp" />
		<Unit filename="Message/WorkThreadAI.h" />
		<Unit filename="PacketParse/PacketConsoleParse.cpp" />
		<Unit filename="PacketParse/PacketConsoleParse.h" />
		<Unit filename="PacketParse/PacketParse.cpp" />
		<Unit filename="PacketParse/PacketParse.h" />
		<Unit filename="PacketParse/PacketParseBase.cpp" />
		<Unit filename="PacketParse/PacketParseBase.h" />
		<Unit filename="PacketParse/PacketParsePool.cpp" />
		<Unit filename="PacketParse/PacketParsePool.h" />
		<Unit filename="Proactor/AceProactorManager.h" />
		<Unit filename="Proactor/ClientProConnectManager.h" />
		<Unit filename="Proactor/ProAsynchConnect.h" />
		<Unit filename="Proactor/ProConnectAccept.h" />
		<Unit filename="Proactor/ProConnectClient.h" />
		<Unit filename="Proactor/ProConnectHandler.h" />
		<Unit filename="Proactor/ProConsoleAccept.h" />
		<Unit filename="Proactor/ProConsoleHandle.h" />
		<Unit filename="Proactor/ProControlListen.h" />
		<Unit filename="Proactor/ProServerManager.h" />
		<Unit filename="Proactor/ProSigHandle.h" />
		<Unit filename="Proactor/ProTTyClientManager.h" />
		<Unit filename="Proactor/ProTTyHandler.h" />
		<Unit filename="PurenessScopeServer.cpp" />
		<Unit filename="Reactor/AceReactorManager.cpp" />
		<Unit filename="Reactor/AceReactorManager.h" />
		<Unit filename="Reactor/ClientReConnectManager.cpp" />
		<Unit filename="Reactor/ClientReConnectManager.h" />
		<Unit filename="Reactor/ConnectAccept.cpp" />
		<Unit filename="Reactor/ConnectAccept.h" />
		<Unit filename="Reactor/ConnectClient.cpp" />
		<Unit filename="Reactor/ConnectClient.h" />
		<Unit filename="Reactor/ConnectHandler.cpp" />
		<Unit filename="Reactor/ConnectHandler.h" />
		<Unit filename="Reactor/ConsoleAccept.cpp" />
		<Unit filename="Reactor/ConsoleAccept.h" />
		<Unit filename="Reactor/ConsoleHandler.cpp" />
		<Unit filename="Reactor/ConsoleHandler.h" />
		<Unit filename="Reactor/ControlListen.cpp" />
		<Unit filename="Reactor/ControlListen.h" />
		<Unit filename="Reactor/ReTTyClientManager.cpp" />
		<Unit filename="Reactor/ReTTyClientManager.h" />
		<Unit filename="Reactor/ReTTyHandler.cpp" />
		<Unit filename="Reactor/ReTTyHandler.h" />
		<Unit filename="Reactor/ServerManager.cpp" />
		<Unit filename="Reactor/ServerManager.h" />
		<Unit filename="Reactor/WaitQuitSignal.cpp" />
		<Unit filename="Reactor/WaitQuitSignal.h" />
		<Unit filename="TinyXML/tinystr.cpp" />
		<Unit filename="TinyXML/tinystr.h" />
		<Unit filename="TinyXML/tinyxml.cpp" />
		<Unit filename="TinyXML/tinyxml.h" />
		<Unit filename="TinyXML/tinyxmlerror.cpp" />
		<Unit filename="TinyXML/tinyxmlparser.cpp" />
		<Unit filename="UDP/ProUDPManager.h" />
		<Unit filename="UDP/ProactorUDPClient.cpp" />
		<Unit filename="UDP/ProactorUDPClient.h" />
		<Unit filename="UDP/ProactorUDPHandler.cpp" />
		<Unit filename="UDP/ProactorUDPHandler.h" />
		<Unit filename="UDP/ReUDPManager.h" />
		<Unit filename="UDP/ReactorUDPClient.cpp" />
		<Unit filename="UDP/ReactorUDPClient.h" />
		<Unit filename="UDP/ReactorUDPHander.cpp" />
		<Unit filename="UDP/ReactorUDPHander.h" />
		<Extensions>
			<code_completion />
			<envvars />
			<debugger />
		</Extensions>
	</Project>
</CodeBlocks_project_file>
