<?xml version="1.0" encoding="utf-8"?>
<Project ToolsVersion="4.0" xmlns="http://schemas.microsoft.com/developer/msbuild/2003">
  <ItemGroup>
    <Filter Include="Source Files">
      <UniqueIdentifier>{be4a353b-864b-4c78-a5d6-81417c877b8c}</UniqueIdentifier>
      <Extensions>cpp;cxx;cc;c;C</Extensions>
    </Filter>
    <Filter Include="Header Files">
      <UniqueIdentifier>{932fe134-0564-4af4-bc78-43580d6831f5}</UniqueIdentifier>
      <Extensions>h;hpp;hxx;hh</Extensions>
    </Filter>
    <Filter Include="Build Files">
      <UniqueIdentifier>{07d1efe8-5afe-4a1b-8154-69ed6b228f1a}</UniqueIdentifier>
      <Extensions>mpc;mpb;mwc</Extensions>
    </Filter>
  </ItemGroup>
  <ItemGroup>
    <ClCompile Include="BaseCommand.cpp">
      <Filter>Source Files</Filter>
    </ClCompile>
    <ClCompile Include="IniRead\dictionary.c">
      <Filter>Source Files</Filter>
    </ClCompile>
    <ClCompile Include="IniRead\iniparser.c">
      <Filter>Source Files</Filter>
    </ClCompile>
    <ClCompile Include="LGLogic.cpp">
      <Filter>Source Files</Filter>
    </ClCompile>
    <ClCompile Include="ListManager.cpp">
      <Filter>Source Files</Filter>
    </ClCompile>
    <ClCompile Include="LSServerManager.cpp">
      <Filter>Source Files</Filter>
    </ClCompile>
  </ItemGroup>
  <ItemGroup>
    <ClInclude Include="BaseCommand.h">
      <Filter>Header Files</Filter>
    </ClInclude>
    <ClInclude Include="IniRead\dictionary.h">
      <Filter>Header Files</Filter>
    </ClInclude>
    <ClInclude Include="IniRead\iniparser.h">
      <Filter>Header Files</Filter>
    </ClInclude>
    <ClInclude Include="ListManager.h">
      <Filter>Header Files</Filter>
    </ClInclude>
    <ClInclude Include="LSServerManager.h">
      <Filter>Header Files</Filter>
    </ClInclude>
  </ItemGroup>
  <ItemGroup>
    <CustomBuild Include="LGLogic.mpc">
      <Filter>Build Files</Filter>
    </CustomBuild>
  </ItemGroup>
</Project>