<?xml version="1.0" encoding="utf-8"?>
<Project ToolsVersion="4.0" xmlns="http://schemas.microsoft.com/developer/msbuild/2003">
  <ItemGroup>
    <Filter Include="Source Files">
      <UniqueIdentifier>{044f42b7-320b-4432-899f-80b85e560618}</UniqueIdentifier>
      <Extensions>cpp;cxx;cc;c;C</Extensions>
    </Filter>
    <Filter Include="Header Files">
      <UniqueIdentifier>{9bff17d7-9fc5-4e6b-b238-1480ed03376c}</UniqueIdentifier>
      <Extensions>h;hpp;hxx;hh</Extensions>
    </Filter>
    <Filter Include="Build Files">
      <UniqueIdentifier>{a30cba9b-ea86-4761-8594-51c6484fcd67}</UniqueIdentifier>
      <Extensions>mpc;mpb;mwc</Extensions>
    </Filter>
  </ItemGroup>
  <ItemGroup>
    <ClCompile Include="base64.cpp">
      <Filter>Source Files</Filter>
    </ClCompile>
    <ClCompile Include="BaseCommand.cpp">
      <Filter>Source Files</Filter>
    </ClCompile>
    <ClCompile Include="sha1.cpp">
      <Filter>Source Files</Filter>
    </ClCompile>
    <ClCompile Include="WebSocketTest.cpp">
      <Filter>Source Files</Filter>
    </ClCompile>
  </ItemGroup>
  <ItemGroup>
    <ClInclude Include="base64.h">
      <Filter>Header Files</Filter>
    </ClInclude>
    <ClInclude Include="BaseCommand.h">
      <Filter>Header Files</Filter>
    </ClInclude>
    <ClInclude Include="sha1.h">
      <Filter>Header Files</Filter>
    </ClInclude>
  </ItemGroup>
  <ItemGroup>
    <CustomBuild Include="WebSocketTest.mpc">
      <Filter>Build Files</Filter>
    </CustomBuild>
  </ItemGroup>
</Project>